// !$*UTF8*$!
{
	archiveVersion = 1;
	classes = {
	};
	objectVersion = 56;
	objects = {

/* Begin PBXBuildFile section */
		0129321B2ABEABA0006C656A /* BottomActionSheetApp.swift in Sources */ = {isa = PBXBuildFile; fileRef = 0129321A2ABEABA0006C656A /* BottomActionSheetApp.swift */; };
		0129321D2ABEABA0006C656A /* ContentView.swift in Sources */ = {isa = PBXBuildFile; fileRef = 0129321C2ABEABA0006C656A /* ContentView.swift */; };
		0129321F2ABEABA2006C656A /* Assets.xcassets in Resources */ = {isa = PBXBuildFile; fileRef = 0129321E2ABEABA2006C656A /* Assets.xcassets */; };
		012932222ABEABA2006C656A /* Preview Assets.xcassets in Resources */ = {isa = PBXBuildFile; fileRef = 012932212ABEABA2006C656A /* Preview Assets.xcassets */; };
		0129322C2ABEABA3006C656A /* BottomActionSheetTests.swift in Sources */ = {isa = PBXBuildFile; fileRef = 0129322B2ABEABA3006C656A /* BottomActionSheetTests.swift */; };
		012932362ABEABA3006C656A /* BottomActionSheetUITests.swift in Sources */ = {isa = PBXBuildFile; fileRef = 012932352ABEABA3006C656A /* BottomActionSheetUITests.swift */; };
		012932382ABEABA3006C656A /* BottomActionSheetUITestsLaunchTests.swift in Sources */ = {isa = PBXBuildFile; fileRef = 012932372ABEABA3006C656A /* BottomActionSheetUITestsLaunchTests.swift */; };
		012932462ABEABEE006C656A /* ActionSheetView.swift in Sources */ = {isa = PBXBuildFile; fileRef = 012932452ABEABEE006C656A /* ActionSheetView.swift */; };
		0129324A2ABEAC1A006C656A /* ActionSheet.swift in Sources */ = {isa = PBXBuildFile; fileRef = 012932492ABEAC1A006C656A /* ActionSheet.swift */; };
/* End PBXBuildFile section */

/* Begin PBXContainerItemProxy section */
		012932282ABEABA3006C656A /* PBXContainerItemProxy */ = {
			isa = PBXContainerItemProxy;
			containerPortal = 0129320F2ABEABA0006C656A /* Project object */;
			proxyType = 1;
			remoteGlobalIDString = 012932162ABEABA0006C656A;
			remoteInfo = BottomActionSheet;
		};
		012932322ABEABA3006C656A /* PBXContainerItemProxy */ = {
			isa = PBXContainerItemProxy;
			containerPortal = 0129320F2ABEABA0006C656A /* Project object */;
			proxyType = 1;
			remoteGlobalIDString = 012932162ABEABA0006C656A;
			remoteInfo = BottomActionSheet;
		};
/* End PBXContainerItemProxy section */

/* Begin PBXFileReference section */
		012932172ABEABA0006C656A /* BottomActionSheet.app */ = {isa = PBXFileReference; explicitFileType = wrapper.application; includeInIndex = 0; path = BottomActionSheet.app; sourceTree = BUILT_PRODUCTS_DIR; };
		0129321A2ABEABA0006C656A /* BottomActionSheetApp.swift */ = {isa = PBXFileReference; lastKnownFileType = sourcecode.swift; path = BottomActionSheetApp.swift; sourceTree = "<group>"; };
		0129321C2ABEABA0006C656A /* ContentView.swift */ = {isa = PBXFileReference; lastKnownFileType = sourcecode.swift; path = ContentView.swift; sourceTree = "<group>"; };
		0129321E2ABEABA2006C656A /* Assets.xcassets */ = {isa = PBXFileReference; lastKnownFileType = folder.assetcatalog; path = Assets.xcassets; sourceTree = "<group>"; };
		012932212ABEABA2006C656A /* Preview Assets.xcassets */ = {isa = PBXFileReference; lastKnownFileType = folder.assetcatalog; path = "Preview Assets.xcassets"; sourceTree = "<group>"; };
		012932272ABEABA3006C656A /* BottomActionSheetTests.xctest */ = {isa = PBXFileReference; explicitFileType = wrapper.cfbundle; includeInIndex = 0; path = BottomActionSheetTests.xctest; sourceTree = BUILT_PRODUCTS_DIR; };
		0129322B2ABEABA3006C656A /* BottomActionSheetTests.swift */ = {isa = PBXFileReference; lastKnownFileType = sourcecode.swift; path = BottomActionSheetTests.swift; sourceTree = "<group>"; };
		012932312ABEABA3006C656A /* BottomActionSheetUITests.xctest */ = {isa = PBXFileReference; explicitFileType = wrapper.cfbundle; includeInIndex = 0; path = BottomActionSheetUITests.xctest; sourceTree = BUILT_PRODUCTS_DIR; };
		012932352ABEABA3006C656A /* BottomActionSheetUITests.swift */ = {isa = PBXFileReference; lastKnownFileType = sourcecode.swift; path = BottomActionSheetUITests.swift; sourceTree = "<group>"; };
		012932372ABEABA3006C656A /* BottomActionSheetUITestsLaunchTests.swift */ = {isa = PBXFileReference; lastKnownFileType = sourcecode.swift; path = BottomActionSheetUITestsLaunchTests.swift; sourceTree = "<group>"; };
		012932452ABEABEE006C656A /* ActionSheetView.swift */ = {isa = PBXFileReference; lastKnownFileType = sourcecode.swift; path = ActionSheetView.swift; sourceTree = "<group>"; };
		012932492ABEAC1A006C656A /* ActionSheet.swift */ = {isa = PBXFileReference; lastKnownFileType = sourcecode.swift; path = ActionSheet.swift; sourceTree = "<group>"; };
/* End PBXFileReference section */

/* Begin PBXFrameworksBuildPhase section */
		012932142ABEABA0006C656A /* Frameworks */ = {
			isa = PBXFrameworksBuildPhase;
			buildActionMask = 2147483647;
			files = (
			);
			runOnlyForDeploymentPostprocessing = 0;
		};
		012932242ABEABA3006C656A /* Frameworks */ = {
			isa = PBXFrameworksBuildPhase;
			buildActionMask = 2147483647;
			files = (
			);
			runOnlyForDeploymentPostprocessing = 0;
		};
		0129322E2ABEABA3006C656A /* Frameworks */ = {
			isa = PBXFrameworksBuildPhase;
			buildActionMask = 2147483647;
			files = (
			);
			runOnlyForDeploymentPostprocessing = 0;
		};
/* End PBXFrameworksBuildPhase section */

/* Begin PBXGroup section */
		0129320E2ABEABA0006C656A = {
			isa = PBXGroup;
			children = (
				012932192ABEABA0006C656A /* BottomActionSheet */,
				0129322A2ABEABA3006C656A /* BottomActionSheetTests */,
				012932342ABEABA3006C656A /* BottomActionSheetUITests */,
				012932182ABEABA0006C656A /* Products */,
			);
			sourceTree = "<group>";
		};
		012932182ABEABA0006C656A /* Products */ = {
			isa = PBXGroup;
			children = (
				012932172ABEABA0006C656A /* BottomActionSheet.app */,
				012932272ABEABA3006C656A /* BottomActionSheetTests.xctest */,
				012932312ABEABA3006C656A /* BottomActionSheetUITests.xctest */,
			);
			name = Products;
			sourceTree = "<group>";
		};
		012932192ABEABA0006C656A /* BottomActionSheet */ = {
			isa = PBXGroup;
			children = (
				012932442ABEABD8006C656A /* ActionSheet */,
				0129321A2ABEABA0006C656A /* BottomActionSheetApp.swift */,
				0129321C2ABEABA0006C656A /* ContentView.swift */,
				0129321E2ABEABA2006C656A /* Assets.xcassets */,
				012932202ABEABA2006C656A /* Preview Content */,
			);
			path = BottomActionSheet;
			sourceTree = "<group>";
		};
		012932202ABEABA2006C656A /* Preview Content */ = {
			isa = PBXGroup;
			children = (
				012932212ABEABA2006C656A /* Preview Assets.xcassets */,
			);
			path = "Preview Content";
			sourceTree = "<group>";
		};
		0129322A2ABEABA3006C656A /* BottomActionSheetTests */ = {
			isa = PBXGroup;
			children = (
				0129322B2ABEABA3006C656A /* BottomActionSheetTests.swift */,
			);
			path = BottomActionSheetTests;
			sourceTree = "<group>";
		};
		012932342ABEABA3006C656A /* BottomActionSheetUITests */ = {
			isa = PBXGroup;
			children = (
				012932352ABEABA3006C656A /* BottomActionSheetUITests.swift */,
				012932372ABEABA3006C656A /* BottomActionSheetUITestsLaunchTests.swift */,
			);
			path = BottomActionSheetUITests;
			sourceTree = "<group>";
		};
		012932442ABEABD8006C656A /* ActionSheet */ = {
			isa = PBXGroup;
			children = (
				012932452ABEABEE006C656A /* ActionSheetView.swift */,
				012932492ABEAC1A006C656A /* ActionSheet.swift */,
			);
			path = ActionSheet;
			sourceTree = "<group>";
		};
/* End PBXGroup section */

/* Begin PBXNativeTarget section */
		012932162ABEABA0006C656A /* BottomActionSheet */ = {
			isa = PBXNativeTarget;
			buildConfigurationList = 0129323B2ABEABA3006C656A /* Build configuration list for PBXNativeTarget "BottomActionSheet" */;
			buildPhases = (
				012932132ABEABA0006C656A /* Sources */,
				012932142ABEABA0006C656A /* Frameworks */,
				012932152ABEABA0006C656A /* Resources */,
			);
			buildRules = (
			);
			dependencies = (
			);
			name = BottomActionSheet;
			productName = BottomActionSheet;
			productReference = 012932172ABEABA0006C656A /* BottomActionSheet.app */;
			productType = "com.apple.product-type.application";
		};
		012932262ABEABA3006C656A /* BottomActionSheetTests */ = {
			isa = PBXNativeTarget;
			buildConfigurationList = 0129323E2ABEABA3006C656A /* Build configuration list for PBXNativeTarget "BottomActionSheetTests" */;
			buildPhases = (
				012932232ABEABA3006C656A /* Sources */,
				012932242ABEABA3006C656A /* Frameworks */,
				012932252ABEABA3006C656A /* Resources */,
			);
			buildRules = (
			);
			dependencies = (
				012932292ABEABA3006C656A /* PBXTargetDependency */,
			);
			name = BottomActionSheetTests;
			productName = BottomActionSheetTests;
			productReference = 012932272ABEABA3006C656A /* BottomActionSheetTests.xctest */;
			productType = "com.apple.product-type.bundle.unit-test";
		};
		012932302ABEABA3006C656A /* BottomActionSheetUITests */ = {
			isa = PBXNativeTarget;
			buildConfigurationList = 012932412ABEABA3006C656A /* Build configuration list for PBXNativeTarget "BottomActionSheetUITests" */;
			buildPhases = (
				0129322D2ABEABA3006C656A /* Sources */,
				0129322E2ABEABA3006C656A /* Frameworks */,
				0129322F2ABEABA3006C656A /* Resources */,
			);
			buildRules = (
			);
			dependencies = (
				012932332ABEABA3006C656A /* PBXTargetDependency */,
			);
			name = BottomActionSheetUITests;
			productName = BottomActionSheetUITests;
			productReference = 012932312ABEABA3006C656A /* BottomActionSheetUITests.xctest */;
			productType = "com.apple.product-type.bundle.ui-testing";
		};
/* End PBXNativeTarget section */

/* Begin PBXProject section */
		0129320F2ABEABA0006C656A /* Project object */ = {
			isa = PBXProject;
			attributes = {
				BuildIndependentTargetsInParallel = 1;
				LastSwiftUpdateCheck = 1500;
				LastUpgradeCheck = 1500;
				TargetAttributes = {
					012932162ABEABA0006C656A = {
						CreatedOnToolsVersion = 15.0;
					};
					012932262ABEABA3006C656A = {
						CreatedOnToolsVersion = 15.0;
						TestTargetID = 012932162ABEABA0006C656A;
					};
					012932302ABEABA3006C656A = {
						CreatedOnToolsVersion = 15.0;
						TestTargetID = 012932162ABEABA0006C656A;
					};
				};
			};
			buildConfigurationList = 012932122ABEABA0006C656A /* Build configuration list for PBXProject "BottomActionSheet" */;
			compatibilityVersion = "Xcode 14.0";
			developmentRegion = en;
			hasScannedForEncodings = 0;
			knownRegions = (
				en,
				Base,
			);
			mainGroup = 0129320E2ABEABA0006C656A;
			productRefGroup = 012932182ABEABA0006C656A /* Products */;
			projectDirPath = "";
			projectRoot = "";
			targets = (
				012932162ABEABA0006C656A /* BottomActionSheet */,
				012932262ABEABA3006C656A /* BottomActionSheetTests */,
				012932302ABEABA3006C656A /* BottomActionSheetUITests */,
			);
		};
/* End PBXProject section */

/* Begin PBXResourcesBuildPhase section */
		012932152ABEABA0006C656A /* Resources */ = {
			isa = PBXResourcesBuildPhase;
			buildActionMask = 2147483647;
			files = (
				012932222ABEABA2006C656A /* Preview Assets.xcassets in Resources */,
				0129321F2ABEABA2006C656A /* Assets.xcassets in Resources */,
			);
			runOnlyForDeploymentPostprocessing = 0;
		};
		012932252ABEABA3006C656A /* Resources */ = {
			isa = PBXResourcesBuildPhase;
			buildActionMask = 2147483647;
			files = (
			);
			runOnlyForDeploymentPostprocessing = 0;
		};
		0129322F2ABEABA3006C656A /* Resources */ = {
			isa = PBXResourcesBuildPhase;
			buildActionMask = 2147483647;
			files = (
			);
			runOnlyForDeploymentPostprocessing = 0;
		};
/* End PBXResourcesBuildPhase section */

/* Begin PBXSourcesBuildPhase section */
		012932132ABEABA0006C656A /* Sources */ = {
			isa = PBXSourcesBuildPhase;
			buildActionMask = 2147483647;
			files = (
				0129321D2ABEABA0006C656A /* ContentView.swift in Sources */,
				012932462ABEABEE006C656A /* ActionSheetView.swift in Sources */,
				0129324A2ABEAC1A006C656A /* ActionSheet.swift in Sources */,
				0129321B2ABEABA0006C656A /* BottomActionSheetApp.swift in Sources */,
			);
			runOnlyForDeploymentPostprocessing = 0;
		};
		012932232ABEABA3006C656A /* Sources */ = {
			isa = PBXSourcesBuildPhase;
			buildActionMask = 2147483647;
			files = (
				0129322C2ABEABA3006C656A /* BottomActionSheetTests.swift in Sources */,
			);
			runOnlyForDeploymentPostprocessing = 0;
		};
		0129322D2ABEABA3006C656A /* Sources */ = {
			isa = PBXSourcesBuildPhase;
			buildActionMask = 2147483647;
			files = (
				012932362ABEABA3006C656A /* BottomActionSheetUITests.swift in Sources */,
				012932382ABEABA3006C656A /* BottomActionSheetUITestsLaunchTests.swift in Sources */,
			);
			runOnlyForDeploymentPostprocessing = 0;
		};
/* End PBXSourcesBuildPhase section */

/* Begin PBXTargetDependency section */
		012932292ABEABA3006C656A /* PBXTargetDependency */ = {
			isa = PBXTargetDependency;
			target = 012932162ABEABA0006C656A /* BottomActionSheet */;
			targetProxy = 012932282ABEABA3006C656A /* PBXContainerItemProxy */;
		};
		012932332ABEABA3006C656A /* PBXTargetDependency */ = {
			isa = PBXTargetDependency;
			target = 012932162ABEABA0006C656A /* BottomActionSheet */;
			targetProxy = 012932322ABEABA3006C656A /* PBXContainerItemProxy */;
		};
/* End PBXTargetDependency section */

/* Begin XCBuildConfiguration section */
		012932392ABEABA3006C656A /* Debug */ = {
			isa = XCBuildConfiguration;
			buildSettings = {
				ALWAYS_SEARCH_USER_PATHS = NO;
				ASSETCATALOG_COMPILER_GENERATE_SWIFT_ASSET_SYMBOL_EXTENSIONS = YES;
				CLANG_ANALYZER_NONNULL = YES;
				CLANG_ANALYZER_NUMBER_OBJECT_CONVERSION = YES_AGGRESSIVE;
				CLANG_CXX_LANGUAGE_STANDARD = "gnu++20";
				CLANG_ENABLE_MODULES = YES;
				CLANG_ENABLE_OBJC_ARC = YES;
				CLANG_ENABLE_OBJC_WEAK = YES;
				CLANG_WARN_BLOCK_CAPTURE_AUTORELEASING = YES;
				CLANG_WARN_BOOL_CONVERSION = YES;
				CLANG_WARN_COMMA = YES;
				CLANG_WARN_CONSTANT_CONVERSION = YES;
				CLANG_WARN_DEPRECATED_OBJC_IMPLEMENTATIONS = YES;
				CLANG_WARN_DIRECT_OBJC_ISA_USAGE = YES_ERROR;
				CLANG_WARN_DOCUMENTATION_COMMENTS = YES;
				CLANG_WARN_EMPTY_BODY = YES;
				CLANG_WARN_ENUM_CONVERSION = YES;
				CLANG_WARN_INFINITE_RECURSION = YES;
				CLANG_WARN_INT_CONVERSION = YES;
				CLANG_WARN_NON_LITERAL_NULL_CONVERSION = YES;
				CLANG_WARN_OBJC_IMPLICIT_RETAIN_SELF = YES;
				CLANG_WARN_OBJC_LITERAL_CONVERSION = YES;
				CLANG_WARN_OBJC_ROOT_CLASS = YES_ERROR;
				CLANG_WARN_QUOTED_INCLUDE_IN_FRAMEWORK_HEADER = YES;
				CLANG_WARN_RANGE_LOOP_ANALYSIS = YES;
				CLANG_WARN_STRICT_PROTOTYPES = YES;
				CLANG_WARN_SUSPICIOUS_MOVE = YES;
				CLANG_WARN_UNGUARDED_AVAILABILITY = YES_AGGRESSIVE;
				CLANG_WARN_UNREACHABLE_CODE = YES;
				CLANG_WARN__DUPLICATE_METHOD_MATCH = YES;
				COPY_PHASE_STRIP = NO;
				DEBUG_INFORMATION_FORMAT = dwarf;
				ENABLE_STRICT_OBJC_MSGSEND = YES;
				ENABLE_TESTABILITY = YES;
				ENABLE_USER_SCRIPT_SANDBOXING = YES;
				GCC_C_LANGUAGE_STANDARD = gnu17;
				GCC_DYNAMIC_NO_PIC = NO;
				GCC_NO_COMMON_BLOCKS = YES;
				GCC_OPTIMIZATION_LEVEL = 0;
				GCC_PREPROCESSOR_DEFINITIONS = (
					"DEBUG=1",
					"$(inherited)",
				);
				GCC_WARN_64_TO_32_BIT_CONVERSION = YES;
				GCC_WARN_ABOUT_RETURN_TYPE = YES_ERROR;
				GCC_WARN_UNDECLARED_SELECTOR = YES;
				GCC_WARN_UNINITIALIZED_AUTOS = YES_AGGRESSIVE;
				GCC_WARN_UNUSED_FUNCTION = YES;
				GCC_WARN_UNUSED_VARIABLE = YES;
				IPHONEOS_DEPLOYMENT_TARGET = 17.0;
				LOCALIZATION_PREFERS_STRING_CATALOGS = YES;
				MTL_ENABLE_DEBUG_INFO = INCLUDE_SOURCE;
				MTL_FAST_MATH = YES;
				ONLY_ACTIVE_ARCH = YES;
				SDKROOT = iphoneos;
				SWIFT_ACTIVE_COMPILATION_CONDITIONS = "DEBUG $(inherited)";
				SWIFT_OPTIMIZATION_LEVEL = "-Onone";
			};
			name = Debug;
		};
		0129323A2ABEABA3006C656A /* Release */ = {
			isa = XCBuildConfiguration;
			buildSettings = {
				ALWAYS_SEARCH_USER_PATHS = NO;
				ASSETCATALOG_COMPILER_GENERATE_SWIFT_ASSET_SYMBOL_EXTENSIONS = YES;
				CLANG_ANALYZER_NONNULL = YES;
				CLANG_ANALYZER_NUMBER_OBJECT_CONVERSION = YES_AGGRESSIVE;
				CLANG_CXX_LANGUAGE_STANDARD = "gnu++20";
				CLANG_ENABLE_MODULES = YES;
				CLANG_ENABLE_OBJC_ARC = YES;
				CLANG_ENABLE_OBJC_WEAK = YES;
				CLANG_WARN_BLOCK_CAPTURE_AUTORELEASING = YES;
				CLANG_WARN_BOOL_CONVERSION = YES;
				CLANG_WARN_COMMA = YES;
				CLANG_WARN_CONSTANT_CONVERSION = YES;
				CLANG_WARN_DEPRECATED_OBJC_IMPLEMENTATIONS = YES;
				CLANG_WARN_DIRECT_OBJC_ISA_USAGE = YES_ERROR;
				CLANG_WARN_DOCUMENTATION_COMMENTS = YES;
				CLANG_WARN_EMPTY_BODY = YES;
				CLANG_WARN_ENUM_CONVERSION = YES;
				CLANG_WARN_INFINITE_RECURSION = YES;
				CLANG_WARN_INT_CONVERSION = YES;
				CLANG_WARN_NON_LITERAL_NULL_CONVERSION = YES;
				CLANG_WARN_OBJC_IMPLICIT_RETAIN_SELF = YES;
				CLANG_WARN_OBJC_LITERAL_CONVERSION = YES;
				CLANG_WARN_OBJC_ROOT_CLASS = YES_ERROR;
				CLANG_WARN_QUOTED_INCLUDE_IN_FRAMEWORK_HEADER = YES;
				CLANG_WARN_RANGE_LOOP_ANALYSIS = YES;
				CLANG_WARN_STRICT_PROTOTYPES = YES;
				CLANG_WARN_SUSPICIOUS_MOVE = YES;
				CLANG_WARN_UNGUARDED_AVAILABILITY = YES_AGGRESSIVE;
				CLANG_WARN_UNREACHABLE_CODE = YES;
				CLANG_WARN__DUPLICATE_METHOD_MATCH = YES;
				COPY_PHASE_STRIP = NO;
				DEBUG_INFORMATION_FORMAT = "dwarf-with-dsym";
				ENABLE_NS_ASSERTIONS = NO;
				ENABLE_STRICT_OBJC_MSGSEND = YES;
				ENABLE_USER_SCRIPT_SANDBOXING = YES;
				GCC_C_LANGUAGE_STANDARD = gnu17;
				GCC_NO_COMMON_BLOCKS = YES;
				GCC_WARN_64_TO_32_BIT_CONVERSION = YES;
				GCC_WARN_ABOUT_RETURN_TYPE = YES_ERROR;
				GCC_WARN_UNDECLARED_SELECTOR = YES;
				GCC_WARN_UNINITIALIZED_AUTOS = YES_AGGRESSIVE;
				GCC_WARN_UNUSED_FUNCTION = YES;
				GCC_WARN_UNUSED_VARIABLE = YES;
				IPHONEOS_DEPLOYMENT_TARGET = 17.0;
				LOCALIZATION_PREFERS_STRING_CATALOGS = YES;
				MTL_ENABLE_DEBUG_INFO = NO;
				MTL_FAST_MATH = YES;
				SDKROOT = iphoneos;
				SWIFT_COMPILATION_MODE = wholemodule;
				VALIDATE_PRODUCT = YES;
			};
			name = Release;
		};
		0129323C2ABEABA3006C656A /* Debug */ = {
			isa = XCBuildConfiguration;
			buildSettings = {
				ASSETCATALOG_COMPILER_APPICON_NAME = AppIcon;
				ASSETCATALOG_COMPILER_GLOBAL_ACCENT_COLOR_NAME = AccentColor;
				CODE_SIGN_STYLE = Automatic;
				CURRENT_PROJECT_VERSION = 1;
				DEVELOPMENT_ASSET_PATHS = "\"BottomActionSheet/Preview Content\"";
				DEVELOPMENT_TEAM = AWCJZM6N5Z;
				ENABLE_PREVIEWS = YES;
				GENERATE_INFOPLIST_FILE = YES;
				INFOPLIST_KEY_UIApplicationSceneManifest_Generation = YES;
				INFOPLIST_KEY_UIApplicationSupportsIndirectInputEvents = YES;
				INFOPLIST_KEY_UILaunchScreen_Generation = YES;
				INFOPLIST_KEY_UISupportedInterfaceOrientations_iPad = "UIInterfaceOrientationPortrait UIInterfaceOrientationPortraitUpsideDown UIInterfaceOrientationLandscapeLeft UIInterfaceOrientationLandscapeRight";
				INFOPLIST_KEY_UISupportedInterfaceOrientations_iPhone = "UIInterfaceOrientationPortrait UIInterfaceOrientationLandscapeLeft UIInterfaceOrientationLandscapeRight";
				LD_RUNPATH_SEARCH_PATHS = (
					"$(inherited)",
					"@executable_path/Frameworks",
				);
				MARKETING_VERSION = 1.0;
				PRODUCT_BUNDLE_IDENTIFIER = com.globalobject.goremote.BottomActionSheet;
				PRODUCT_NAME = "$(TARGET_NAME)";
				SWIFT_EMIT_LOC_STRINGS = YES;
				SWIFT_VERSION = 5.0;
				TARGETED_DEVICE_FAMILY = "1,2";
			};
			name = Debug;
		};
		0129323D2ABEABA3006C656A /* Release */ = {
			isa = XCBuildConfiguration;
			buildSettings = {
				ASSETCATALOG_COMPILER_APPICON_NAME = AppIcon;
				ASSETCATALOG_COMPILER_GLOBAL_ACCENT_COLOR_NAME = AccentColor;
				CODE_SIGN_STYLE = Automatic;
				CURRENT_PROJECT_VERSION = 1;
				DEVELOPMENT_ASSET_PATHS = "\"BottomActionSheet/Preview Content\"";
				DEVELOPMENT_TEAM = AWCJZM6N5Z;
				ENABLE_PREVIEWS = YES;
				GENERATE_INFOPLIST_FILE = YES;
				INFOPLIST_KEY_UIApplicationSceneManifest_Generation = YES;
				INFOPLIST_KEY_UIApplicationSupportsIndirectInputEvents = YES;
				INFOPLIST_KEY_UILaunchScreen_Generation = YES;
				INFOPLIST_KEY_UISupportedInterfaceOrientations_iPad = "UIInterfaceOrientationPortrait UIInterfaceOrientationPortraitUpsideDown UIInterfaceOrientationLandscapeLeft UIInterfaceOrientationLandscapeRight";
				INFOPLIST_KEY_UISupportedInterfaceOrientations_iPhone = "UIInterfaceOrientationPortrait UIInterfaceOrientationLandscapeLeft UIInterfaceOrientationLandscapeRight";
				LD_RUNPATH_SEARCH_PATHS = (
					"$(inherited)",
					"@executable_path/Frameworks",
				);
				MARKETING_VERSION = 1.0;
				PRODUCT_BUNDLE_IDENTIFIER = com.globalobject.goremote.BottomActionSheet;
				PRODUCT_NAME = "$(TARGET_NAME)";
				SWIFT_EMIT_LOC_STRINGS = YES;
				SWIFT_VERSION = 5.0;
				TARGETED_DEVICE_FAMILY = "1,2";
			};
			name = Release;
		};
		0129323F2ABEABA3006C656A /* Debug */ = {
			isa = XCBuildConfiguration;
			buildSettings = {
				ALWAYS_EMBED_SWIFT_STANDARD_LIBRARIES = YES;
				BUNDLE_LOADER = "$(TEST_HOST)";
				CODE_SIGN_STYLE = Automatic;
				CURRENT_PROJECT_VERSION = 1;
				DEVELOPMENT_TEAM = AWCJZM6N5Z;
				GENERATE_INFOPLIST_FILE = YES;
				IPHONEOS_DEPLOYMENT_TARGET = 17.0;
				MARKETING_VERSION = 1.0;
				PRODUCT_BUNDLE_IDENTIFIER = com.globalobject.goremote.BottomActionSheetTests;
				PRODUCT_NAME = "$(TARGET_NAME)";
				SWIFT_EMIT_LOC_STRINGS = NO;
				SWIFT_VERSION = 5.0;
				TARGETED_DEVICE_FAMILY = "1,2";
				TEST_HOST = "$(BUILT_PRODUCTS_DIR)/BottomActionSheet.app/$(BUNDLE_EXECUTABLE_FOLDER_PATH)/BottomActionSheet";
			};
			name = Debug;
		};
		012932402ABEABA3006C656A /* Release */ = {
			isa = XCBuildConfiguration;
			buildSettings = {
				ALWAYS_EMBED_SWIFT_STANDARD_LIBRARIES = YES;
				BUNDLE_LOADER = "$(TEST_HOST)";
				CODE_SIGN_STYLE = Automatic;
				CURRENT_PROJECT_VERSION = 1;
				DEVELOPMENT_TEAM = AWCJZM6N5Z;
				GENERATE_INFOPLIST_FILE = YES;
				IPHONEOS_DEPLOYMENT_TARGET = 17.0;
				MARKETING_VERSION = 1.0;
				PRODUCT_BUNDLE_IDENTIFIER = com.globalobject.goremote.BottomActionSheetTests;
				PRODUCT_NAME = "$(TARGET_NAME)";
				SWIFT_EMIT_LOC_STRINGS = NO;
				SWIFT_VERSION = 5.0;
				TARGETED_DEVICE_FAMILY = "1,2";
				TEST_HOST = "$(BUILT_PRODUCTS_DIR)/BottomActionSheet.app/$(BUNDLE_EXECUTABLE_FOLDER_PATH)/BottomActionSheet";
			};
			name = Release;
		};
		012932422ABEABA3006C656A /* Debug */ = {
			isa = XCBuildConfiguration;
			buildSettings = {
				ALWAYS_EMBED_SWIFT_STANDARD_LIBRARIES = YES;
				CODE_SIGN_STYLE = Automatic;
				CURRENT_PROJECT_VERSION = 1;
				DEVELOPMENT_TEAM = AWCJZM6N5Z;
				GENERATE_INFOPLIST_FILE = YES;
				MARKETING_VERSION = 1.0;
				PRODUCT_BUNDLE_IDENTIFIER = com.globalobject.goremote.BottomActionSheetUITests;
				PRODUCT_NAME = "$(TARGET_NAME)";
				SWIFT_EMIT_LOC_STRINGS = NO;
				SWIFT_VERSION = 5.0;
				TARGETED_DEVICE_FAMILY = "1,2";
				TEST_TARGET_NAME = BottomActionSheet;
			};
			name = Debug;
		};
		012932432ABEABA3006C656A /* Release */ = {
			isa = XCBuildConfiguration;
			buildSettings = {
				ALWAYS_EMBED_SWIFT_STANDARD_LIBRARIES = YES;
				CODE_SIGN_STYLE = Automatic;
				CURRENT_PROJECT_VERSION = 1;
				DEVELOPMENT_TEAM = AWCJZM6N5Z;
				GENERATE_INFOPLIST_FILE = YES;
				MARKETING_VERSION = 1.0;
				PRODUCT_BUNDLE_IDENTIFIER = com.globalobject.goremote.BottomActionSheetUITests;
				PRODUCT_NAME = "$(TARGET_NAME)";
				SWIFT_EMIT_LOC_STRINGS = NO;
				SWIFT_VERSION = 5.0;
				TARGETED_DEVICE_FAMILY = "1,2";
				TEST_TARGET_NAME = BottomActionSheet;
			};
			name = Release;
		};
/* End XCBuildConfiguration section */

/* Begin XCConfigurationList section */
		012932122ABEABA0006C656A /* Build configuration list for PBXProject "BottomActionSheet" */ = {
			isa = XCConfigurationList;
			buildConfigurations = (
				012932392ABEABA3006C656A /* Debug */,
				0129323A2ABEABA3006C656A /* Release */,
			);
			defaultConfigurationIsVisible = 0;
			defaultConfigurationName = Release;
		};
		0129323B2ABEABA3006C656A /* Build configuration list for PBXNativeTarget "BottomActionSheet" */ = {
			isa = XCConfigurationList;
			buildConfigurations = (
				0129323C2ABEABA3006C656A /* Debug */,
				0129323D2ABEABA3006C656A /* Release */,
			);
			defaultConfigurationIsVisible = 0;
			defaultConfigurationName = Release;
		};
		0129323E2ABEABA3006C656A /* Build configuration list for PBXNativeTarget "BottomActionSheetTests" */ = {
			isa = XCConfigurationList;
			buildConfigurations = (
				0129323F2ABEABA3006C656A /* Debug */,
				012932402ABEABA3006C656A /* Release */,
			);
			defaultConfigurationIsVisible = 0;
			defaultConfigurationName = Release;
		};
		012932412ABEABA3006C656A /* Build configuration list for PBXNativeTarget "BottomActionSheetUITests" */ = {
			isa = XCConfigurationList;
			buildConfigurations = (
				012932422ABEABA3006C656A /* Debug */,
				012932432ABEABA3006C656A /* Release */,
			);
			defaultConfigurationIsVisible = 0;
			defaultConfigurationName = Release;
		};
/* End XCConfigurationList section */
	};
	rootObject = 0129320F2ABEABA0006C656A /* Project object */;
}
